
Microsoft Visual Studio Solution File, Format Version 12.00
# Visual Studio 15
VisualStudioVersion = 15.0.28010.2036
MinimumVisualStudioVersion = 10.0.40219.1
Project("{FAE04EC0-301F-11D3-BF4B-00C04F79EFBC}") = "RenameUtility", "RenameUtility\RenameUtility.csproj", "{FF13D310-1422-471B-BB5E-B9CDA4532437}"
EndProject
Global
	GlobalSection(SolutionConfigurationPlatforms) = preSolution
		Debug|Any CPU = Debug|Any CPU
		Release|Any CPU = Release|Any CPU
	EndGlobalSection
	GlobalSection(ProjectConfigurationPlatforms) = postSolution
		{FF13D310-1422-471B-BB5E-B9CDA4532437}.Debug|Any CPU.ActiveCfg = Debug|Any CPU
		{FF13D310-1422-471B-BB5E-B9CDA4532437}.Debug|Any CPU.Build.0 = Debug|Any CPU
		{FF13D310-1422-471B-BB5E-B9CDA4532437}.Release|Any CPU.ActiveCfg = Release|Any CPU
		{FF13D310-1422-471B-BB5E-B9CDA4532437}.Release|Any CPU.Build.0 = Release|Any CPU
	EndGlobalSection
	GlobalSection(SolutionProperties) = preSolution
		HideSolutionNode = FALSE
	EndGlobalSection
	GlobalSection(ExtensibilityGlobals) = postSolution
		SolutionGuid = {B75140B3-16BB-43BE-BFD4-8BBB8BE483C8}
	EndGlobalSection
EndGlobal
